
Microsoft Visual Studio Solution File, Format Version 12.00
# Visual Studio Version 17
VisualStudioVersion = 17.7.34031.279
MinimumVisualStudioVersion = 10.0.40219.1
Project("{FAE04EC0-301F-11D3-BF4B-00C04F79EFBC}") = "Identity1", "Identity1.csproj", "{1D2DC263-2936-4857-9004-ACDC23D34553}"
EndProject
Global
	GlobalSection(SolutionConfigurationPlatforms) = preSolution
		Debug|Any CPU = Debug|Any CPU
		Release|Any CPU = Release|Any CPU
	EndGlobalSection
	GlobalSection(ProjectConfigurationPlatforms) = postSolution
		{1D2DC263-2936-4857-9004-ACDC23D34553}.Debug|Any CPU.ActiveCfg = Debug|Any CPU
		{1D2DC263-2936-4857-9004-ACDC23D34553}.Debug|Any CPU.Build.0 = Debug|Any CPU
		{1D2DC263-2936-4857-9004-ACDC23D34553}.Release|Any CPU.ActiveCfg = Release|Any CPU
		{1D2DC263-2936-4857-9004-ACDC23D34553}.Release|Any CPU.Build.0 = Release|Any CPU
	EndGlobalSection
	GlobalSection(SolutionProperties) = preSolution
		HideSolutionNode = FALSE
	EndGlobalSection
	GlobalSection(ExtensibilityGlobals) = postSolution
		SolutionGuid = {8701FFD9-2405-4973-9F98-C5A5CF235664}
	EndGlobalSection
EndGlobal
